// !$*UTF8*$!
{
	archiveVersion = 1;
	classes = {
	};
	objectVersion = 48;
	objects = {

/* Begin PBXBuildFile section */
		0F4E0CD51FC9DE8C00063393 /* AppDelegate.swift in Sources */ = {isa = PBXBuildFile; fileRef = 0F4E0CD41FC9DE8C00063393 /* AppDelegate.swift */; };
		0F4E0CD71FC9DE8C00063393 /* ViewController.swift in Sources */ = {isa = PBXBuildFile; fileRef = 0F4E0CD61FC9DE8C00063393 /* ViewController.swift */; };
		0F4E0CDA1FC9DE8C00063393 /* Main.storyboard in Resources */ = {isa = PBXBuildFile; fileRef = 0F4E0CD81FC9DE8C00063393 /* Main.storyboard */; };
		0F4E0CDC1FC9DE8C00063393 /* Assets.xcassets in Resources */ = {isa = PBXBuildFile; fileRef = 0F4E0CDB1FC9DE8C00063393 /* Assets.xcassets */; };
		0F4E0CDF1FC9DE8C00063393 /* LaunchScreen.storyboard in Resources */ = {isa = PBXBuildFile; fileRef = 0F4E0CDD1FC9DE8C00063393 /* LaunchScreen.storyboard */; };
/* End PBXBuildFile section */

/* Begin PBXFileReference section */
		0F4E0CD11FC9DE8C00063393 /* RM31894.app */ = {isa = PBXFileReference; explicitFileType = wrapper.application; includeInIndex = 0; path = RM31894.app; sourceTree = BUILT_PRODUCTS_DIR; };
		0F4E0CD41FC9DE8C00063393 /* AppDelegate.swift */ = {isa = PBXFileReference; lastKnownFileType = sourcecode.swift; path = AppDelegate.swift; sourceTree = "<group>"; };
		0F4E0CD61FC9DE8C00063393 /* ViewController.swift */ = {isa = PBXFileReference; lastKnownFileType = sourcecode.swift; path = ViewController.swift; sourceTree = "<group>"; };
		0F4E0CD91FC9DE8C00063393 /* Base */ = {isa = PBXFileReference; lastKnownFileType = file.storyboard; name = Base; path = Base.lproj/Main.storyboard; sourceTree = "<group>"; };
		0F4E0CDB1FC9DE8C00063393 /* Assets.xcassets */ = {isa = PBXFileReference; lastKnownFileType = folder.assetcatalog; path = Assets.xcassets; sourceTree = "<group>"; };
		0F4E0CDE1FC9DE8C00063393 /* Base */ = {isa = PBXFileReference; lastKnownFileType = file.storyboard; name = Base; path = Base.lproj/LaunchScreen.storyboard; sourceTree = "<group>"; };
		0F4E0CE01FC9DE8C00063393 /* Info.plist */ = {isa = PBXFileReference; lastKnownFileType = text.plist.xml; path = Info.plist; sourceTree = "<group>"; };
/* End PBXFileReference section */

/* Begin PBXFrameworksBuildPhase section */
		0F4E0CCE1FC9DE8C00063393 /* Frameworks */ = {
			isa = PBXFrameworksBuildPhase;
			buildActionMask = 2147483647;
			files = (
			);
			runOnlyForDeploymentPostprocessing = 0;
		};
/* End PBXFrameworksBuildPhase section */

/* Begin PBXGroup section */
		0F4E0CC81FC9DE8C00063393 = {
			isa = PBXGroup;
			children = (
				0F4E0CD31FC9DE8C00063393 /* RM31894 */,
				0F4E0CD21FC9DE8C00063393 /* Products */,
			);
			sourceTree = "<group>";
		};
		0F4E0CD21FC9DE8C00063393 /* Products */ = {
			isa = PBXGroup;
			children = (
				0F4E0CD11FC9DE8C00063393 /* RM31894.app */,
			);
			name = Products;
			sourceTree = "<group>";
		};
		0F4E0CD31FC9DE8C00063393 /* RM31894 */ = {
			isa = PBXGroup;
			children = (
				0F4E0CD41FC9DE8C00063393 /* AppDelegate.swift */,
				0F4E0CD61FC9DE8C00063393 /* ViewController.swift */,
				0F4E0CD81FC9DE8C00063393 /* Main.storyboard */,
				0F4E0CDB1FC9DE8C00063393 /* Assets.xcassets */,
				0F4E0CDD1FC9DE8C00063393 /* LaunchScreen.storyboard */,
				0F4E0CE01FC9DE8C00063393 /* Info.plist */,
			);
			path = RM31894;
			sourceTree = "<group>";
		};
/* End PBXGroup section */

/* Begin PBXNativeTarget section */
		0F4E0CD01FC9DE8C00063393 /* RM31894 */ = {
			isa = PBXNativeTarget;
			buildConfigurationList = 0F4E0CE31FC9DE8C00063393 /* Build configuration list for PBXNativeTarget "RM31894" */;
			buildPhases = (
				0F4E0CCD1FC9DE8C00063393 /* Sources */,
				0F4E0CCE1FC9DE8C00063393 /* Frameworks */,
				0F4E0CCF1FC9DE8C00063393 /* Resources */,
			);
			buildRules = (
			);
			dependencies = (
			);
			name = RM31894;
			productName = RM31894;
			productReference = 0F4E0CD11FC9DE8C00063393 /* RM31894.app */;
			productType = "com.apple.product-type.application";
		};
/* End PBXNativeTarget section */

/* Begin PBXProject section */
		0F4E0CC91FC9DE8C00063393 /* Project object */ = {
			isa = PBXProject;
			attributes = {
				LastSwiftUpdateCheck = 0910;
				LastUpgradeCheck = 0910;
				ORGANIZATIONNAME = fiap;
				TargetAttributes = {
					0F4E0CD01FC9DE8C00063393 = {
						CreatedOnToolsVersion = 9.1;
						ProvisioningStyle = Automatic;
					};
				};
			};
			buildConfigurationList = 0F4E0CCC1FC9DE8C00063393 /* Build configuration list for PBXProject "RM31894" */;
			compatibilityVersion = "Xcode 8.0";
			developmentRegion = en;
			hasScannedForEncodings = 0;
			knownRegions = (
				en,
				Base,
			);
			mainGroup = 0F4E0CC81FC9DE8C00063393;
			productRefGroup = 0F4E0CD21FC9DE8C00063393 /* Products */;
			projectDirPath = "";
			projectRoot = "";
			targets = (
				0F4E0CD01FC9DE8C00063393 /* RM31894 */,
			);
		};
/* End PBXProject section */

/* Begin PBXResourcesBuildPhase section */
		0F4E0CCF1FC9DE8C00063393 /* Resources */ = {
			isa = PBXResourcesBuildPhase;
			buildActionMask = 2147483647;
			files = (
				0F4E0CDF1FC9DE8C00063393 /* LaunchScreen.storyboard in Resources */,
				0F4E0CDC1FC9DE8C00063393 /* Assets.xcassets in Resources */,
				0F4E0CDA1FC9DE8C00063393 /* Main.storyboard in Resources */,
			);
			runOnlyForDeploymentPostprocessing = 0;
		};
/* End PBXResourcesBuildPhase section */

/* Begin PBXSourcesBuildPhase section */
		0F4E0CCD1FC9DE8C00063393 /* Sources */ = {
			isa = PBXSourcesBuildPhase;
			buildActionMask = 2147483647;
			files = (
				0F4E0CD71FC9DE8C00063393 /* ViewController.swift in Sources */,
				0F4E0CD51FC9DE8C00063393 /* AppDelegate.swift in Sources */,
			);
			runOnlyForDeploymentPostprocessing = 0;
		};
/* End PBXSourcesBuildPhase section */

/* Begin PBXVariantGroup section */
		0F4E0CD81FC9DE8C00063393 /* Main.storyboard */ = {
			isa = PBXVariantGroup;
			children = (
				0F4E0CD91FC9DE8C00063393 /* Base */,
			);
			name = Main.storyboard;
			sourceTree = "<group>";
		};
		0F4E0CDD1FC9DE8C00063393 /* LaunchScreen.storyboard */ = {
			isa = PBXVariantGroup;
			children = (
				0F4E0CDE1FC9DE8C00063393 /* Base */,
			);
			name = LaunchScreen.storyboard;
			sourceTree = "<group>";
		};
/* End PBXVariantGroup section */

/* Begin XCBuildConfiguration section */
		0F4E0CE11FC9DE8C00063393 /* Debug */ = {
			isa = XCBuildConfiguration;
			buildSettings = {
				ALWAYS_SEARCH_USER_PATHS = NO;
				CLANG_ANALYZER_NONNULL = YES;
				CLANG_ANALYZER_NUMBER_OBJECT_CONVERSION = YES_AGGRESSIVE;
				CLANG_CXX_LANGUAGE_STANDARD = "gnu++14";
				CLANG_CXX_LIBRARY = "libc++";
				CLANG_ENABLE_MODULES = YES;
				CLANG_ENABLE_OBJC_ARC = YES;
				CLANG_WARN_BLOCK_CAPTURE_AUTORELEASING = YES;
				CLANG_WARN_BOOL_CONVERSION = YES;
				CLANG_WARN_COMMA = YES;
				CLANG_WARN_CONSTANT_CONVERSION = YES;
				CLANG_WARN_DIRECT_OBJC_ISA_USAGE = YES_ERROR;
				CLANG_WARN_DOCUMENTATION_COMMENTS = YES;
				CLANG_WARN_EMPTY_BODY = YES;
				CLANG_WARN_ENUM_CONVERSION = YES;
				CLANG_WARN_INFINITE_RECURSION = YES;
				CLANG_WARN_INT_CONVERSION = YES;
				CLANG_WARN_NON_LITERAL_NULL_CONVERSION = YES;
				CLANG_WARN_OBJC_LITERAL_CONVERSION = YES;
				CLANG_WARN_OBJC_ROOT_CLASS = YES_ERROR;
				CLANG_WARN_RANGE_LOOP_ANALYSIS = YES;
				CLANG_WARN_STRICT_PROTOTYPES = YES;
				CLANG_WARN_SUSPICIOUS_MOVE = YES;
				CLANG_WARN_UNGUARDED_AVAILABILITY = YES_AGGRESSIVE;
				CLANG_WARN_UNREACHABLE_CODE = YES;
				CLANG_WARN__DUPLICATE_METHOD_MATCH = YES;
				CODE_SIGN_IDENTITY = "iPhone Developer";
				COPY_PHASE_STRIP = NO;
				DEBUG_INFORMATION_FORMAT = dwarf;
				ENABLE_STRICT_OBJC_MSGSEND = YES;
				ENABLE_TESTABILITY = YES;
				GCC_C_LANGUAGE_STANDARD = gnu11;
				GCC_DYNAMIC_NO_PIC = NO;
				GCC_NO_COMMON_BLOCKS = YES;
				GCC_OPTIMIZATION_LEVEL = 0;
				GCC_PREPROCESSOR_DEFINITIONS = (
					"DEBUG=1",
					"$(inherited)",
				);
				GCC_WARN_64_TO_32_BIT_CONVERSION = YES;
				GCC_WARN_ABOUT_RETURN_TYPE = YES_ERROR;
				GCC_WARN_UNDECLARED_SELECTOR = YES;
				GCC_WARN_UNINITIALIZED_AUTOS = YES_AGGRESSIVE;
				GCC_WARN_UNUSED_FUNCTION = YES;
				GCC_WARN_UNUSED_VARIABLE = YES;
				IPHONEOS_DEPLOYMENT_TARGET = 11.1;
				MTL_ENABLE_DEBUG_INFO = YES;
				ONLY_ACTIVE_ARCH = YES;
				SDKROOT = iphoneos;
				SWIFT_ACTIVE_COMPILATION_CONDITIONS = DEBUG;
				SWIFT_OPTIMIZATION_LEVEL = "-Onone";
			};
			name = Debug;
		};
		0F4E0CE21FC9DE8C00063393 /* Release */ = {
			isa = XCBuildConfiguration;
			buildSettings = {
				ALWAYS_SEARCH_USER_PATHS = NO;
				CLANG_ANALYZER_NONNULL = YES;
				CLANG_ANALYZER_NUMBER_OBJECT_CONVERSION = YES_AGGRESSIVE;
				CLANG_CXX_LANGUAGE_STANDARD = "gnu++14";
				CLANG_CXX_LIBRARY = "libc++";
				CLANG_ENABLE_MODULES = YES;
				CLANG_ENABLE_OBJC_ARC = YES;
				CLANG_WARN_BLOCK_CAPTURE_AUTORELEASING = YES;
				CLANG_WARN_BOOL_CONVERSION = YES;
				CLANG_WARN_COMMA = YES;
				CLANG_WARN_CONSTANT_CONVERSION = YES;
				CLANG_WARN_DIRECT_OBJC_ISA_USAGE = YES_ERROR;
				CLANG_WARN_DOCUMENTATION_COMMENTS = YES;
				CLANG_WARN_EMPTY_BODY = YES;
				CLANG_WARN_ENUM_CONVERSION = YES;
				CLANG_WARN_INFINITE_RECURSION = YES;
				CLANG_WARN_INT_CONVERSION = YES;
				CLANG_WARN_NON_LITERAL_NULL_CONVERSION = YES;
				CLANG_WARN_OBJC_LITERAL_CONVERSION = YES;
				CLANG_WARN_OBJC_ROOT_CLASS = YES_ERROR;
				CLANG_WARN_RANGE_LOOP_ANALYSIS = YES;
				CLANG_WARN_STRICT_PROTOTYPES = YES;
				CLANG_WARN_SUSPICIOUS_MOVE = YES;
				CLANG_WARN_UNGUARDED_AVAILABILITY = YES_AGGRESSIVE;
				CLANG_WARN_UNREACHABLE_CODE = YES;
				CLANG_WARN__DUPLICATE_METHOD_MATCH = YES;
				CODE_SIGN_IDENTITY = "iPhone Developer";
				COPY_PHASE_STRIP = NO;
				DEBUG_INFORMATION_FORMAT = "dwarf-with-dsym";
				ENABLE_NS_ASSERTIONS = NO;
				ENABLE_STRICT_OBJC_MSGSEND = YES;
				GCC_C_LANGUAGE_STANDARD = gnu11;
				GCC_NO_COMMON_BLOCKS = YES;
				GCC_WARN_64_TO_32_BIT_CONVERSION = YES;
				GCC_WARN_ABOUT_RETURN_TYPE = YES_ERROR;
				GCC_WARN_UNDECLARED_SELECTOR = YES;
				GCC_WARN_UNINITIALIZED_AUTOS = YES_AGGRESSIVE;
				GCC_WARN_UNUSED_FUNCTION = YES;
				GCC_WARN_UNUSED_VARIABLE = YES;
				IPHONEOS_DEPLOYMENT_TARGET = 11.1;
				MTL_ENABLE_DEBUG_INFO = NO;
				SDKROOT = iphoneos;
				SWIFT_OPTIMIZATION_LEVEL = "-Owholemodule";
				VALIDATE_PRODUCT = YES;
			};
			name = Release;
		};
		0F4E0CE41FC9DE8C00063393 /* Debug */ = {
			isa = XCBuildConfiguration;
			buildSettings = {
				ASSETCATALOG_COMPILER_APPICON_NAME = AppIcon;
				CODE_SIGN_STYLE = Automatic;
				INFOPLIST_FILE = RM31894/Info.plist;
				LD_RUNPATH_SEARCH_PATHS = "$(inherited) @executable_path/Frameworks";
				PRODUCT_BUNDLE_IDENTIFIER = fiap.com.RM31894;
				PRODUCT_NAME = "$(TARGET_NAME)";
				SWIFT_VERSION = 4.0;
				TARGETED_DEVICE_FAMILY = "1,2";
			};
			name = Debug;
		};
		0F4E0CE51FC9DE8C00063393 /* Release */ = {
			isa = XCBuildConfiguration;
			buildSettings = {
				ASSETCATALOG_COMPILER_APPICON_NAME = AppIcon;
				CODE_SIGN_STYLE = Automatic;
				INFOPLIST_FILE = RM31894/Info.plist;
				LD_RUNPATH_SEARCH_PATHS = "$(inherited) @executable_path/Frameworks";
				PRODUCT_BUNDLE_IDENTIFIER = fiap.com.RM31894;
				PRODUCT_NAME = "$(TARGET_NAME)";
				SWIFT_VERSION = 4.0;
				TARGETED_DEVICE_FAMILY = "1,2";
			};
			name = Release;
		};
/* End XCBuildConfiguration section */

/* Begin XCConfigurationList section */
		0F4E0CCC1FC9DE8C00063393 /* Build configuration list for PBXProject "RM31894" */ = {
			isa = XCConfigurationList;
			buildConfigurations = (
				0F4E0CE11FC9DE8C00063393 /* Debug */,
				0F4E0CE21FC9DE8C00063393 /* Release */,
			);
			defaultConfigurationIsVisible = 0;
			defaultConfigurationName = Release;
		};
		0F4E0CE31FC9DE8C00063393 /* Build configuration list for PBXNativeTarget "RM31894" */ = {
			isa = XCConfigurationList;
			buildConfigurations = (
				0F4E0CE41FC9DE8C00063393 /* Debug */,
				0F4E0CE51FC9DE8C00063393 /* Release */,
			);
			defaultConfigurationIsVisible = 0;
			defaultConfigurationName = Release;
		};
/* End XCConfigurationList section */
	};
	rootObject = 0F4E0CC91FC9DE8C00063393 /* Project object */;
}
